// !$*UTF8*$!
{
	archiveVersion = 1;
	classes = {
	};
	objectVersion = 55;
	objects = {

/* Begin PBXBuildFile section */
		423E2AFC27910883007BB568 /* HexagonParameters.swift in Sources */ = {isa = PBXBuildFile; fileRef = 423E2AFB27910883007BB568 /* HexagonParameters.swift */; };
		423E2AFE27910B56007BB568 /* BadgeBackground.swift in Sources */ = {isa = PBXBuildFile; fileRef = 423E2AFD27910B56007BB568 /* BadgeBackground.swift */; };
		423E2B00279110F8007BB568 /* BadgeSymbol.swift in Sources */ = {isa = PBXBuildFile; fileRef = 423E2AFF279110F8007BB568 /* BadgeSymbol.swift */; };
		423E2B0227911300007BB568 /* RotatedBadgeSymbol.swift in Sources */ = {isa = PBXBuildFile; fileRef = 423E2B0127911300007BB568 /* RotatedBadgeSymbol.swift */; };
		423E2B042791138A007BB568 /* Badge.swift in Sources */ = {isa = PBXBuildFile; fileRef = 423E2B032791138A007BB568 /* Badge.swift */; };
		42B1C4532783C6560093C2A5 /* LandmarksApp.swift in Sources */ = {isa = PBXBuildFile; fileRef = 42B1C4522783C6560093C2A5 /* LandmarksApp.swift */; };
		42B1C4552783C6560093C2A5 /* ContentView.swift in Sources */ = {isa = PBXBuildFile; fileRef = 42B1C4542783C6560093C2A5 /* ContentView.swift */; };
		42B1C4572783C6580093C2A5 /* Assets.xcassets in Resources */ = {isa = PBXBuildFile; fileRef = 42B1C4562783C6580093C2A5 /* Assets.xcassets */; };
		42B1C45A2783C6580093C2A5 /* Preview Assets.xcassets in Resources */ = {isa = PBXBuildFile; fileRef = 42B1C4592783C6580093C2A5 /* Preview Assets.xcassets */; };
		42B1C4612783CB770093C2A5 /* CircleImage.swift in Sources */ = {isa = PBXBuildFile; fileRef = 42B1C4602783CB770093C2A5 /* CircleImage.swift */; };
		42B1C4632783CCAB0093C2A5 /* MapView.swift in Sources */ = {isa = PBXBuildFile; fileRef = 42B1C4622783CCAB0093C2A5 /* MapView.swift */; };
		42B1C465278531300093C2A5 /* landmarkData.json in Resources */ = {isa = PBXBuildFile; fileRef = 42B1C464278531300093C2A5 /* landmarkData.json */; };
		42B1C4672785315E0093C2A5 /* Landmark.swift in Sources */ = {isa = PBXBuildFile; fileRef = 42B1C4662785315E0093C2A5 /* Landmark.swift */; };
		42B1C469278532D80093C2A5 /* ModelData.swift in Sources */ = {isa = PBXBuildFile; fileRef = 42B1C468278532D80093C2A5 /* ModelData.swift */; };
		42B1C46E278535180093C2A5 /* LandmarkRow.swift in Sources */ = {isa = PBXBuildFile; fileRef = 42B1C46D278535180093C2A5 /* LandmarkRow.swift */; };
		42B1C470278537260093C2A5 /* LandmarkList.swift in Sources */ = {isa = PBXBuildFile; fileRef = 42B1C46F278537260093C2A5 /* LandmarkList.swift */; };
		42B1C472278538C20093C2A5 /* LandmarkDetail.swift in Sources */ = {isa = PBXBuildFile; fileRef = 42B1C471278538C20093C2A5 /* LandmarkDetail.swift */; };
		42E2375827887EF0004B6E16 /* FavoriteButton.swift in Sources */ = {isa = PBXBuildFile; fileRef = 42E2375727887EF0004B6E16 /* FavoriteButton.swift */; };
/* End PBXBuildFile section */

/* Begin PBXFileReference section */
		423E2AFB27910883007BB568 /* HexagonParameters.swift */ = {isa = PBXFileReference; lastKnownFileType = sourcecode.swift; path = HexagonParameters.swift; sourceTree = "<group>"; };
		423E2AFD27910B56007BB568 /* BadgeBackground.swift */ = {isa = PBXFileReference; lastKnownFileType = sourcecode.swift; path = BadgeBackground.swift; sourceTree = "<group>"; };
		423E2AFF279110F8007BB568 /* BadgeSymbol.swift */ = {isa = PBXFileReference; lastKnownFileType = sourcecode.swift; path = BadgeSymbol.swift; sourceTree = "<group>"; };
		423E2B0127911300007BB568 /* RotatedBadgeSymbol.swift */ = {isa = PBXFileReference; lastKnownFileType = sourcecode.swift; path = RotatedBadgeSymbol.swift; sourceTree = "<group>"; };
		423E2B032791138A007BB568 /* Badge.swift */ = {isa = PBXFileReference; lastKnownFileType = sourcecode.swift; path = Badge.swift; sourceTree = "<group>"; };
		42B1C44F2783C6560093C2A5 /* Landmarks.app */ = {isa = PBXFileReference; explicitFileType = wrapper.application; includeInIndex = 0; path = Landmarks.app; sourceTree = BUILT_PRODUCTS_DIR; };
		42B1C4522783C6560093C2A5 /* LandmarksApp.swift */ = {isa = PBXFileReference; lastKnownFileType = sourcecode.swift; path = LandmarksApp.swift; sourceTree = "<group>"; };
		42B1C4542783C6560093C2A5 /* ContentView.swift */ = {isa = PBXFileReference; lastKnownFileType = sourcecode.swift; path = ContentView.swift; sourceTree = "<group>"; };
		42B1C4562783C6580093C2A5 /* Assets.xcassets */ = {isa = PBXFileReference; lastKnownFileType = folder.assetcatalog; path = Assets.xcassets; sourceTree = "<group>"; };
		42B1C4592783C6580093C2A5 /* Preview Assets.xcassets */ = {isa = PBXFileReference; lastKnownFileType = folder.assetcatalog; path = "Preview Assets.xcassets"; sourceTree = "<group>"; };
		42B1C4602783CB770093C2A5 /* CircleImage.swift */ = {isa = PBXFileReference; lastKnownFileType = sourcecode.swift; path = CircleImage.swift; sourceTree = "<group>"; };
		42B1C4622783CCAB0093C2A5 /* MapView.swift */ = {isa = PBXFileReference; lastKnownFileType = sourcecode.swift; path = MapView.swift; sourceTree = "<group>"; };
		42B1C464278531300093C2A5 /* landmarkData.json */ = {isa = PBXFileReference; fileEncoding = 4; lastKnownFileType = text.json; path = landmarkData.json; sourceTree = "<group>"; };
		42B1C4662785315E0093C2A5 /* Landmark.swift */ = {isa = PBXFileReference; lastKnownFileType = sourcecode.swift; path = Landmark.swift; sourceTree = "<group>"; };
		42B1C468278532D80093C2A5 /* ModelData.swift */ = {isa = PBXFileReference; lastKnownFileType = sourcecode.swift; path = ModelData.swift; sourceTree = "<group>"; };
		42B1C46D278535180093C2A5 /* LandmarkRow.swift */ = {isa = PBXFileReference; lastKnownFileType = sourcecode.swift; path = LandmarkRow.swift; sourceTree = "<group>"; };
		42B1C46F278537260093C2A5 /* LandmarkList.swift */ = {isa = PBXFileReference; lastKnownFileType = sourcecode.swift; path = LandmarkList.swift; sourceTree = "<group>"; };
		42B1C471278538C20093C2A5 /* LandmarkDetail.swift */ = {isa = PBXFileReference; lastKnownFileType = sourcecode.swift; path = LandmarkDetail.swift; sourceTree = "<group>"; };
		42E2375727887EF0004B6E16 /* FavoriteButton.swift */ = {isa = PBXFileReference; lastKnownFileType = sourcecode.swift; path = FavoriteButton.swift; sourceTree = "<group>"; };
/* End PBXFileReference section */

/* Begin PBXFrameworksBuildPhase section */
		42B1C44C2783C6560093C2A5 /* Frameworks */ = {
			isa = PBXFrameworksBuildPhase;
			buildActionMask = 2147483647;
			files = (
			);
			runOnlyForDeploymentPostprocessing = 0;
		};
/* End PBXFrameworksBuildPhase section */

/* Begin PBXGroup section */
		423E2B0527911543007BB568 /* Badges */ = {
			isa = PBXGroup;
			children = (
				423E2AFB27910883007BB568 /* HexagonParameters.swift */,
				423E2AFD27910B56007BB568 /* BadgeBackground.swift */,
				423E2AFF279110F8007BB568 /* BadgeSymbol.swift */,
				423E2B0127911300007BB568 /* RotatedBadgeSymbol.swift */,
				423E2B032791138A007BB568 /* Badge.swift */,
			);
			path = Badges;
			sourceTree = "<group>";
		};
		42B1C4462783C6560093C2A5 = {
			isa = PBXGroup;
			children = (
				42B1C4512783C6560093C2A5 /* Landmarks */,
				42B1C4502783C6560093C2A5 /* Products */,
			);
			sourceTree = "<group>";
		};
		42B1C4502783C6560093C2A5 /* Products */ = {
			isa = PBXGroup;
			children = (
				42B1C44F2783C6560093C2A5 /* Landmarks.app */,
			);
			name = Products;
			sourceTree = "<group>";
		};
		42B1C4512783C6560093C2A5 /* Landmarks */ = {
			isa = PBXGroup;
			children = (
				42B1C4522783C6560093C2A5 /* LandmarksApp.swift */,
				42B1C46A278534850093C2A5 /* Views */,
				42B1C46B278534B00093C2A5 /* Model */,
				42B1C46C278534BD0093C2A5 /* Resources */,
				42B1C4562783C6580093C2A5 /* Assets.xcassets */,
				42B1C4582783C6580093C2A5 /* Preview Content */,
			);
			path = Landmarks;
			sourceTree = "<group>";
		};
		42B1C4582783C6580093C2A5 /* Preview Content */ = {
			isa = PBXGroup;
			children = (
				42B1C4592783C6580093C2A5 /* Preview Assets.xcassets */,
			);
			path = "Preview Content";
			sourceTree = "<group>";
		};
		42B1C46A278534850093C2A5 /* Views */ = {
			isa = PBXGroup;
			children = (
				42B1C4542783C6560093C2A5 /* ContentView.swift */,
				423E2B0527911543007BB568 /* Badges */,
				42E2375927887FFA004B6E16 /* Helpers */,
				42E2375A27888017004B6E16 /* Landmarks */,
			);
			path = Views;
			sourceTree = "<group>";
		};
		42B1C46B278534B00093C2A5 /* Model */ = {
			isa = PBXGroup;
			children = (
				42B1C4662785315E0093C2A5 /* Landmark.swift */,
				42B1C468278532D80093C2A5 /* ModelData.swift */,
			);
			path = Model;
			sourceTree = "<group>";
		};
		42B1C46C278534BD0093C2A5 /* Resources */ = {
			isa = PBXGroup;
			children = (
				42B1C464278531300093C2A5 /* landmarkData.json */,
			);
			path = Resources;
			sourceTree = "<group>";
		};
		42E2375927887FFA004B6E16 /* Helpers */ = {
			isa = PBXGroup;
			children = (
				42B1C4602783CB770093C2A5 /* CircleImage.swift */,
				42B1C4622783CCAB0093C2A5 /* MapView.swift */,
				42E2375727887EF0004B6E16 /* FavoriteButton.swift */,
			);
			path = Helpers;
			sourceTree = "<group>";
		};
		42E2375A27888017004B6E16 /* Landmarks */ = {
			isa = PBXGroup;
			children = (
				42B1C46D278535180093C2A5 /* LandmarkRow.swift */,
				42B1C46F278537260093C2A5 /* LandmarkList.swift */,
				42B1C471278538C20093C2A5 /* LandmarkDetail.swift */,
			);
			path = Landmarks;
			sourceTree = "<group>";
		};
/* End PBXGroup section */

/* Begin PBXNativeTarget section */
		42B1C44E2783C6560093C2A5 /* Landmarks */ = {
			isa = PBXNativeTarget;
			buildConfigurationList = 42B1C45D2783C6580093C2A5 /* Build configuration list for PBXNativeTarget "Landmarks" */;
			buildPhases = (
				42B1C44B2783C6560093C2A5 /* Sources */,
				42B1C44C2783C6560093C2A5 /* Frameworks */,
				42B1C44D2783C6560093C2A5 /* Resources */,
			);
			buildRules = (
			);
			dependencies = (
			);
			name = Landmarks;
			productName = Landmarks;
			productReference = 42B1C44F2783C6560093C2A5 /* Landmarks.app */;
			productType = "com.apple.product-type.application";
		};
/* End PBXNativeTarget section */

/* Begin PBXProject section */
		42B1C4472783C6560093C2A5 /* Project object */ = {
			isa = PBXProject;
			attributes = {
				BuildIndependentTargetsInParallel = 1;
				LastSwiftUpdateCheck = 1320;
				LastUpgradeCheck = 1320;
				TargetAttributes = {
					42B1C44E2783C6560093C2A5 = {
						CreatedOnToolsVersion = 13.2.1;
					};
				};
			};
			buildConfigurationList = 42B1C44A2783C6560093C2A5 /* Build configuration list for PBXProject "Landmarks" */;
			compatibilityVersion = "Xcode 13.0";
			developmentRegion = en;
			hasScannedForEncodings = 0;
			knownRegions = (
				en,
				Base,
			);
			mainGroup = 42B1C4462783C6560093C2A5;
			productRefGroup = 42B1C4502783C6560093C2A5 /* Products */;
			projectDirPath = "";
			projectRoot = "";
			targets = (
				42B1C44E2783C6560093C2A5 /* Landmarks */,
			);
		};
/* End PBXProject section */

/* Begin PBXResourcesBuildPhase section */
		42B1C44D2783C6560093C2A5 /* Resources */ = {
			isa = PBXResourcesBuildPhase;
			buildActionMask = 2147483647;
			files = (
				42B1C45A2783C6580093C2A5 /* Preview Assets.xcassets in Resources */,
				42B1C4572783C6580093C2A5 /* Assets.xcassets in Resources */,
				42B1C465278531300093C2A5 /* landmarkData.json in Resources */,
			);
			runOnlyForDeploymentPostprocessing = 0;
		};
/* End PBXResourcesBuildPhase section */

/* Begin PBXSourcesBuildPhase section */
		42B1C44B2783C6560093C2A5 /* Sources */ = {
			isa = PBXSourcesBuildPhase;
			buildActionMask = 2147483647;
			files = (
				42B1C4552783C6560093C2A5 /* ContentView.swift in Sources */,
				423E2B042791138A007BB568 /* Badge.swift in Sources */,
				42B1C4632783CCAB0093C2A5 /* MapView.swift in Sources */,
				42B1C4532783C6560093C2A5 /* LandmarksApp.swift in Sources */,
				42E2375827887EF0004B6E16 /* FavoriteButton.swift in Sources */,
				423E2AFC27910883007BB568 /* HexagonParameters.swift in Sources */,
				423E2B0227911300007BB568 /* RotatedBadgeSymbol.swift in Sources */,
				423E2B00279110F8007BB568 /* BadgeSymbol.swift in Sources */,
				42B1C470278537260093C2A5 /* LandmarkList.swift in Sources */,
				42B1C472278538C20093C2A5 /* LandmarkDetail.swift in Sources */,
				423E2AFE27910B56007BB568 /* BadgeBackground.swift in Sources */,
				42B1C4612783CB770093C2A5 /* CircleImage.swift in Sources */,
				42B1C4672785315E0093C2A5 /* Landmark.swift in Sources */,
				42B1C46E278535180093C2A5 /* LandmarkRow.swift in Sources */,
				42B1C469278532D80093C2A5 /* ModelData.swift in Sources */,
			);
			runOnlyForDeploymentPostprocessing = 0;
		};
/* End PBXSourcesBuildPhase section */

/* Begin XCBuildConfiguration section */
		42B1C45B2783C6580093C2A5 /* Debug */ = {
			isa = XCBuildConfiguration;
			buildSettings = {
				ALWAYS_SEARCH_USER_PATHS = NO;
				CLANG_ANALYZER_NONNULL = YES;
				CLANG_ANALYZER_NUMBER_OBJECT_CONVERSION = YES_AGGRESSIVE;
				CLANG_CXX_LANGUAGE_STANDARD = "gnu++17";
				CLANG_CXX_LIBRARY = "libc++";
				CLANG_ENABLE_MODULES = YES;
				CLANG_ENABLE_OBJC_ARC = YES;
				CLANG_ENABLE_OBJC_WEAK = YES;
				CLANG_WARN_BLOCK_CAPTURE_AUTORELEASING = YES;
				CLANG_WARN_BOOL_CONVERSION = YES;
				CLANG_WARN_COMMA = YES;
				CLANG_WARN_CONSTANT_CONVERSION = YES;
				CLANG_WARN_DEPRECATED_OBJC_IMPLEMENTATIONS = YES;
				CLANG_WARN_DIRECT_OBJC_ISA_USAGE = YES_ERROR;
				CLANG_WARN_DOCUMENTATION_COMMENTS = YES;
				CLANG_WARN_EMPTY_BODY = YES;
				CLANG_WARN_ENUM_CONVERSION = YES;
				CLANG_WARN_INFINITE_RECURSION = YES;
				CLANG_WARN_INT_CONVERSION = YES;
				CLANG_WARN_NON_LITERAL_NULL_CONVERSION = YES;
				CLANG_WARN_OBJC_IMPLICIT_RETAIN_SELF = YES;
				CLANG_WARN_OBJC_LITERAL_CONVERSION = YES;
				CLANG_WARN_OBJC_ROOT_CLASS = YES_ERROR;
				CLANG_WARN_QUOTED_INCLUDE_IN_FRAMEWORK_HEADER = YES;
				CLANG_WARN_RANGE_LOOP_ANALYSIS = YES;
				CLANG_WARN_STRICT_PROTOTYPES = YES;
				CLANG_WARN_SUSPICIOUS_MOVE = YES;
				CLANG_WARN_UNGUARDED_AVAILABILITY = YES_AGGRESSIVE;
				CLANG_WARN_UNREACHABLE_CODE = YES;
				CLANG_WARN__DUPLICATE_METHOD_MATCH = YES;
				COPY_PHASE_STRIP = NO;
				DEBUG_INFORMATION_FORMAT = dwarf;
				ENABLE_STRICT_OBJC_MSGSEND = YES;
				ENABLE_TESTABILITY = YES;
				GCC_C_LANGUAGE_STANDARD = gnu11;
				GCC_DYNAMIC_NO_PIC = NO;
				GCC_NO_COMMON_BLOCKS = YES;
				GCC_OPTIMIZATION_LEVEL = 0;
				GCC_PREPROCESSOR_DEFINITIONS = (
					"DEBUG=1",
					"$(inherited)",
				);
				GCC_WARN_64_TO_32_BIT_CONVERSION = YES;
				GCC_WARN_ABOUT_RETURN_TYPE = YES_ERROR;
				GCC_WARN_UNDECLARED_SELECTOR = YES;
				GCC_WARN_UNINITIALIZED_AUTOS = YES_AGGRESSIVE;
				GCC_WARN_UNUSED_FUNCTION = YES;
				GCC_WARN_UNUSED_VARIABLE = YES;
				IPHONEOS_DEPLOYMENT_TARGET = 15.2;
				MTL_ENABLE_DEBUG_INFO = INCLUDE_SOURCE;
				MTL_FAST_MATH = YES;
				ONLY_ACTIVE_ARCH = YES;
				SDKROOT = iphoneos;
				SWIFT_ACTIVE_COMPILATION_CONDITIONS = DEBUG;
				SWIFT_OPTIMIZATION_LEVEL = "-Onone";
			};
			name = Debug;
		};
		42B1C45C2783C6580093C2A5 /* Release */ = {
			isa = XCBuildConfiguration;
			buildSettings = {
				ALWAYS_SEARCH_USER_PATHS = NO;
				CLANG_ANALYZER_NONNULL = YES;
				CLANG_ANALYZER_NUMBER_OBJECT_CONVERSION = YES_AGGRESSIVE;
				CLANG_CXX_LANGUAGE_STANDARD = "gnu++17";
				CLANG_CXX_LIBRARY = "libc++";
				CLANG_ENABLE_MODULES = YES;
				CLANG_ENABLE_OBJC_ARC = YES;
				CLANG_ENABLE_OBJC_WEAK = YES;
				CLANG_WARN_BLOCK_CAPTURE_AUTORELEASING = YES;
				CLANG_WARN_BOOL_CONVERSION = YES;
				CLANG_WARN_COMMA = YES;
				CLANG_WARN_CONSTANT_CONVERSION = YES;
				CLANG_WARN_DEPRECATED_OBJC_IMPLEMENTATIONS = YES;
				CLANG_WARN_DIRECT_OBJC_ISA_USAGE = YES_ERROR;
				CLANG_WARN_DOCUMENTATION_COMMENTS = YES;
				CLANG_WARN_EMPTY_BODY = YES;
				CLANG_WARN_ENUM_CONVERSION = YES;
				CLANG_WARN_INFINITE_RECURSION = YES;
				CLANG_WARN_INT_CONVERSION = YES;
				CLANG_WARN_NON_LITERAL_NULL_CONVERSION = YES;
				CLANG_WARN_OBJC_IMPLICIT_RETAIN_SELF = YES;
				CLANG_WARN_OBJC_LITERAL_CONVERSION = YES;
				CLANG_WARN_OBJC_ROOT_CLASS = YES_ERROR;
				CLANG_WARN_QUOTED_INCLUDE_IN_FRAMEWORK_HEADER = YES;
				CLANG_WARN_RANGE_LOOP_ANALYSIS = YES;
				CLANG_WARN_STRICT_PROTOTYPES = YES;
				CLANG_WARN_SUSPICIOUS_MOVE = YES;
				CLANG_WARN_UNGUARDED_AVAILABILITY = YES_AGGRESSIVE;
				CLANG_WARN_UNREACHABLE_CODE = YES;
				CLANG_WARN__DUPLICATE_METHOD_MATCH = YES;
				COPY_PHASE_STRIP = NO;
				DEBUG_INFORMATION_FORMAT = "dwarf-with-dsym";
				ENABLE_NS_ASSERTIONS = NO;
				ENABLE_STRICT_OBJC_MSGSEND = YES;
				GCC_C_LANGUAGE_STANDARD = gnu11;
				GCC_NO_COMMON_BLOCKS = YES;
				GCC_WARN_64_TO_32_BIT_CONVERSION = YES;
				GCC_WARN_ABOUT_RETURN_TYPE = YES_ERROR;
				GCC_WARN_UNDECLARED_SELECTOR = YES;
				GCC_WARN_UNINITIALIZED_AUTOS = YES_AGGRESSIVE;
				GCC_WARN_UNUSED_FUNCTION = YES;
				GCC_WARN_UNUSED_VARIABLE = YES;
				IPHONEOS_DEPLOYMENT_TARGET = 15.2;
				MTL_ENABLE_DEBUG_INFO = NO;
				MTL_FAST_MATH = YES;
				SDKROOT = iphoneos;
				SWIFT_COMPILATION_MODE = wholemodule;
				SWIFT_OPTIMIZATION_LEVEL = "-O";
				VALIDATE_PRODUCT = YES;
			};
			name = Release;
		};
		42B1C45E2783C6580093C2A5 /* Debug */ = {
			isa = XCBuildConfiguration;
			buildSettings = {
				ASSETCATALOG_COMPILER_APPICON_NAME = AppIcon;
				ASSETCATALOG_COMPILER_GLOBAL_ACCENT_COLOR_NAME = AccentColor;
				CODE_SIGN_STYLE = Automatic;
				CURRENT_PROJECT_VERSION = 1;
				DEVELOPMENT_ASSET_PATHS = "\"Landmarks/Preview Content\"";
				DEVELOPMENT_TEAM = Z28289DGH6;
				ENABLE_PREVIEWS = YES;
				GENERATE_INFOPLIST_FILE = YES;
				INFOPLIST_KEY_UIApplicationSceneManifest_Generation = YES;
				INFOPLIST_KEY_UIApplicationSupportsIndirectInputEvents = YES;
				INFOPLIST_KEY_UILaunchScreen_Generation = YES;
				INFOPLIST_KEY_UISupportedInterfaceOrientations_iPad = "UIInterfaceOrientationPortrait UIInterfaceOrientationPortraitUpsideDown UIInterfaceOrientationLandscapeLeft UIInterfaceOrientationLandscapeRight";
				INFOPLIST_KEY_UISupportedInterfaceOrientations_iPhone = "UIInterfaceOrientationPortrait UIInterfaceOrientationLandscapeLeft UIInterfaceOrientationLandscapeRight";
				LD_RUNPATH_SEARCH_PATHS = (
					"$(inherited)",
					"@executable_path/Frameworks",
				);
				MARKETING_VERSION = 1.0;
				PRODUCT_BUNDLE_IDENTIFIER = com.ThomasCacciatore.Landmarks;
				PRODUCT_NAME = "$(TARGET_NAME)";
				SWIFT_EMIT_LOC_STRINGS = YES;
				SWIFT_VERSION = 5.0;
				TARGETED_DEVICE_FAMILY = "1,2";
			};
			name = Debug;
		};
		42B1C45F2783C6580093C2A5 /* Release */ = {
			isa = XCBuildConfiguration;
			buildSettings = {
				ASSETCATALOG_COMPILER_APPICON_NAME = AppIcon;
				ASSETCATALOG_COMPILER_GLOBAL_ACCENT_COLOR_NAME = AccentColor;
				CODE_SIGN_STYLE = Automatic;
				CURRENT_PROJECT_VERSION = 1;
				DEVELOPMENT_ASSET_PATHS = "\"Landmarks/Preview Content\"";
				DEVELOPMENT_TEAM = Z28289DGH6;
				ENABLE_PREVIEWS = YES;
				GENERATE_INFOPLIST_FILE = YES;
				INFOPLIST_KEY_UIApplicationSceneManifest_Generation = YES;
				INFOPLIST_KEY_UIApplicationSupportsIndirectInputEvents = YES;
				INFOPLIST_KEY_UILaunchScreen_Generation = YES;
				INFOPLIST_KEY_UISupportedInterfaceOrientations_iPad = "UIInterfaceOrientationPortrait UIInterfaceOrientationPortraitUpsideDown UIInterfaceOrientationLandscapeLeft UIInterfaceOrientationLandscapeRight";
				INFOPLIST_KEY_UISupportedInterfaceOrientations_iPhone = "UIInterfaceOrientationPortrait UIInterfaceOrientationLandscapeLeft UIInterfaceOrientationLandscapeRight";
				LD_RUNPATH_SEARCH_PATHS = (
					"$(inherited)",
					"@executable_path/Frameworks",
				);
				MARKETING_VERSION = 1.0;
				PRODUCT_BUNDLE_IDENTIFIER = com.ThomasCacciatore.Landmarks;
				PRODUCT_NAME = "$(TARGET_NAME)";
				SWIFT_EMIT_LOC_STRINGS = YES;
				SWIFT_VERSION = 5.0;
				TARGETED_DEVICE_FAMILY = "1,2";
			};
			name = Release;
		};
/* End XCBuildConfiguration section */

/* Begin XCConfigurationList section */
		42B1C44A2783C6560093C2A5 /* Build configuration list for PBXProject "Landmarks" */ = {
			isa = XCConfigurationList;
			buildConfigurations = (
				42B1C45B2783C6580093C2A5 /* Debug */,
				42B1C45C2783C6580093C2A5 /* Release */,
			);
			defaultConfigurationIsVisible = 0;
			defaultConfigurationName = Release;
		};
		42B1C45D2783C6580093C2A5 /* Build configuration list for PBXNativeTarget "Landmarks" */ = {
			isa = XCConfigurationList;
			buildConfigurations = (
				42B1C45E2783C6580093C2A5 /* Debug */,
				42B1C45F2783C6580093C2A5 /* Release */,
			);
			defaultConfigurationIsVisible = 0;
			defaultConfigurationName = Release;
		};
/* End XCConfigurationList section */
	};
	rootObject = 42B1C4472783C6560093C2A5 /* Project object */;
}
